{
  "requires": true,
  "lockfileVersion": 1,
  "dependencies": {
    "total4": {
      "version": "0.0.81",
      "resolved": "https://registry.npmjs.org/total4/-/total4-0.0.81.tgz",
      "integrity": "sha512-UMKpV47tugB68iKA9ah7uJvFcB6rOeRfLIMeh0E9lWiZn82mNvoXbAMcCq1yJ0w9k9UmV3ytuko0gDmdkX5Vew=="
    }
  }
}
