{
  "requires": true,
  "lockfileVersion": 1,
  "dependencies": {
    "total4": {
      "version": "0.0.74",
      "resolved": "https://registry.npmjs.org/total4/-/total4-0.0.74.tgz",
      "integrity": "sha512-BsHwqBDli48iNMyENtgE3AF9MjCc2jxtl+GgaLIObfEuDlhkQakISvtbnnMecinf7VbIcwcbJd4JQlXUGBoNOg=="
    }
  }
}
